
Microsoft Visual Studio Solution File, Format Version 11.00
# Visual Studio 2010
Project("{8BC9CEB8-8B4A-11D0-8D11-00A0C91BC942}") = "MEANSHIFT_SELFTEST", "MEANSHIFT_SELFTEST\MEANSHIFT_SELFTEST.vcxproj", "{BF6F208C-9D3C-437A-B05E-AA8307E633CB}"
EndProject
Global
	GlobalSection(SolutionConfigurationPlatforms) = preSolution
		Debug|Win32 = Debug|Win32
		Release|Win32 = Release|Win32
	EndGlobalSection
	GlobalSection(ProjectConfigurationPlatforms) = postSolution
		{BF6F208C-9D3C-437A-B05E-AA8307E633CB}.Debug|Win32.ActiveCfg = Debug|Win32
		{BF6F208C-9D3C-437A-B05E-AA8307E633CB}.Debug|Win32.Build.0 = Debug|Win32
		{BF6F208C-9D3C-437A-B05E-AA8307E633CB}.Release|Win32.ActiveCfg = Release|Win32
		{BF6F208C-9D3C-437A-B05E-AA8307E633CB}.Release|Win32.Build.0 = Release|Win32
	EndGlobalSection
	GlobalSection(SolutionProperties) = preSolution
		HideSolutionNode = FALSE
	EndGlobalSection
EndGlobal
