
Microsoft Visual Studio Solution File, Format Version 11.00
# Visual Studio 2010
Project("{8BC9CEB8-8B4A-11D0-8D11-00A0C91BC942}") = "HDalg_with_tracker", "HDalg_with_tracker\HDalg_with_tracker.vcxproj", "{F273E3CC-A4F9-4DC0-9D4A-6BC70855EE07}"
EndProject
Global
	GlobalSection(SolutionConfigurationPlatforms) = preSolution
		Debug|Win32 = Debug|Win32
		Release|Win32 = Release|Win32
	EndGlobalSection
	GlobalSection(ProjectConfigurationPlatforms) = postSolution
		{F273E3CC-A4F9-4DC0-9D4A-6BC70855EE07}.Debug|Win32.ActiveCfg = Debug|Win32
		{F273E3CC-A4F9-4DC0-9D4A-6BC70855EE07}.Debug|Win32.Build.0 = Debug|Win32
		{F273E3CC-A4F9-4DC0-9D4A-6BC70855EE07}.Release|Win32.ActiveCfg = Release|Win32
		{F273E3CC-A4F9-4DC0-9D4A-6BC70855EE07}.Release|Win32.Build.0 = Release|Win32
	EndGlobalSection
	GlobalSection(SolutionProperties) = preSolution
		HideSolutionNode = FALSE
	EndGlobalSection
EndGlobal
