<?xml version="1.0" encoding="utf-8"?>
<Project ToolsVersion="4.0" xmlns="http://schemas.microsoft.com/developer/msbuild/2003">
  <ItemGroup>
    <Filter Include="源文件">
      <UniqueIdentifier>{4FC737F1-C7A5-4376-A066-2A32D752A2FF}</UniqueIdentifier>
      <Extensions>cpp;c;cc;cxx;def;odl;idl;hpj;bat;asm;asmx</Extensions>
    </Filter>
    <Filter Include="头文件">
      <UniqueIdentifier>{93995380-89BD-4b04-88EB-625FBE52EBFB}</UniqueIdentifier>
      <Extensions>h;hpp;hxx;hm;inl;inc;xsd</Extensions>
    </Filter>
    <Filter Include="资源文件">
      <UniqueIdentifier>{67DA6AB6-F800-4c08-8B7A-83BB121AAD01}</UniqueIdentifier>
      <Extensions>rc;ico;cur;bmp;dlg;rc2;rct;bin;rgs;gif;jpg;jpeg;jpe;resx;tiff;tif;png;wav;mfcribbon-ms</Extensions>
    </Filter>
  </ItemGroup>
  <ItemGroup>
    <ClInclude Include="basetype.h">
      <Filter>头文件</Filter>
    </ClInclude>
    <ClInclude Include="complex.hpp">
      <Filter>头文件</Filter>
    </ClInclude>
    <ClInclude Include="dxt.h">
      <Filter>头文件</Filter>
    </ClInclude>
    <ClInclude Include="ffttools.hpp">
      <Filter>头文件</Filter>
    </ClInclude>
    <ClInclude Include="fhog.hpp">
      <Filter>头文件</Filter>
    </ClInclude>
    <ClInclude Include="HDalg.h">
      <Filter>头文件</Filter>
    </ClInclude>
    <ClInclude Include="HDcommon.h">
      <Filter>头文件</Filter>
    </ClInclude>
    <ClInclude Include="kcftracker.hpp">
      <Filter>头文件</Filter>
    </ClInclude>
    <ClInclude Include="Morph.h">
      <Filter>头文件</Filter>
    </ClInclude>
    <ClInclude Include="MultiObjTrack.h">
      <Filter>头文件</Filter>
    </ClInclude>
    <ClInclude Include="recttools.hpp">
      <Filter>头文件</Filter>
    </ClInclude>
    <ClInclude Include="trackerinterface.h">
      <Filter>头文件</Filter>
    </ClInclude>
    <ClInclude Include="VibeModel.h">
      <Filter>头文件</Filter>
    </ClInclude>
    <ClInclude Include="track.h">
      <Filter>头文件</Filter>
    </ClInclude>
    <ClInclude Include="CFG_OpenCV.h">
      <Filter>头文件</Filter>
    </ClInclude>
  </ItemGroup>
  <ItemGroup>
    <ClCompile Include="basetype.cpp">
      <Filter>源文件</Filter>
    </ClCompile>
    <ClCompile Include="dxt.cpp">
      <Filter>源文件</Filter>
    </ClCompile>
    <ClCompile Include="fhog.cpp">
      <Filter>源文件</Filter>
    </ClCompile>
    <ClCompile Include="HDalg.cpp">
      <Filter>源文件</Filter>
    </ClCompile>
    <ClCompile Include="kcftracker.cpp">
      <Filter>源文件</Filter>
    </ClCompile>
    <ClCompile Include="main.cpp">
      <Filter>源文件</Filter>
    </ClCompile>
    <ClCompile Include="Morph.cpp">
      <Filter>源文件</Filter>
    </ClCompile>
    <ClCompile Include="MultiObjTrack.cpp">
      <Filter>源文件</Filter>
    </ClCompile>
    <ClCompile Include="trackerinterface.cpp">
      <Filter>源文件</Filter>
    </ClCompile>
    <ClCompile Include="VibeModel.cpp">
      <Filter>源文件</Filter>
    </ClCompile>
    <ClCompile Include="track.cpp">
      <Filter>源文件</Filter>
    </ClCompile>
  </ItemGroup>
</Project>